
Microsoft Visual Studio Solution File, Format Version 12.00
# Visual Studio Version 17
VisualStudioVersion = 17.3.32825.248
MinimumVisualStudioVersion = 10.0.40219.1
Project("{FAE04EC0-301F-11D3-BF4B-00C04F79EFBC}") = "Task_1", "Task_1\Task_1.csproj", "{F04557B8-2DFD-43C3-95C4-CE3741AC001A}"
EndProject
Project("{FAE04EC0-301F-11D3-BF4B-00C04F79EFBC}") = "Task_2", "Task_2\Task_2.csproj", "{99AD5272-77A1-4022-81F7-11D2B24D219E}"
EndProject
Global
	GlobalSection(SolutionConfigurationPlatforms) = preSolution
		Debug|Any CPU = Debug|Any CPU
		Release|Any CPU = Release|Any CPU
	EndGlobalSection
	GlobalSection(ProjectConfigurationPlatforms) = postSolution
		{F04557B8-2DFD-43C3-95C4-CE3741AC001A}.Debug|Any CPU.ActiveCfg = Debug|Any CPU
		{F04557B8-2DFD-43C3-95C4-CE3741AC001A}.Debug|Any CPU.Build.0 = Debug|Any CPU
		{F04557B8-2DFD-43C3-95C4-CE3741AC001A}.Release|Any CPU.ActiveCfg = Release|Any CPU
		{F04557B8-2DFD-43C3-95C4-CE3741AC001A}.Release|Any CPU.Build.0 = Release|Any CPU
		{99AD5272-77A1-4022-81F7-11D2B24D219E}.Debug|Any CPU.ActiveCfg = Debug|Any CPU
		{99AD5272-77A1-4022-81F7-11D2B24D219E}.Debug|Any CPU.Build.0 = Debug|Any CPU
		{99AD5272-77A1-4022-81F7-11D2B24D219E}.Release|Any CPU.ActiveCfg = Release|Any CPU
		{99AD5272-77A1-4022-81F7-11D2B24D219E}.Release|Any CPU.Build.0 = Release|Any CPU
	EndGlobalSection
	GlobalSection(SolutionProperties) = preSolution
		HideSolutionNode = FALSE
	EndGlobalSection
	GlobalSection(ExtensibilityGlobals) = postSolution
		SolutionGuid = {4AB5F412-C427-4EA1-9BC9-673CB637939A}
	EndGlobalSection
EndGlobal
